
Microsoft Visual Studio Solution File, Format Version 12.00
# Visual Studio Version 17
VisualStudioVersion = 17.8.34322.80
MinimumVisualStudioVersion = 10.0.40219.1
Project("{FAE04EC0-301F-11D3-BF4B-00C04F79EFBC}") = "MyAge", "MyAge\MyAge.csproj", "{9D7BF148-EAB7-4F9E-8436-8FEB6D6BA1AF}"
EndProject
Global
	GlobalSection(SolutionConfigurationPlatforms) = preSolution
		Debug|Any CPU = Debug|Any CPU
		Release|Any CPU = Release|Any CPU
	EndGlobalSection
	GlobalSection(ProjectConfigurationPlatforms) = postSolution
		{9D7BF148-EAB7-4F9E-8436-8FEB6D6BA1AF}.Debug|Any CPU.ActiveCfg = Debug|Any CPU
		{9D7BF148-EAB7-4F9E-8436-8FEB6D6BA1AF}.Debug|Any CPU.Build.0 = Debug|Any CPU
		{9D7BF148-EAB7-4F9E-8436-8FEB6D6BA1AF}.Release|Any CPU.ActiveCfg = Release|Any CPU
		{9D7BF148-EAB7-4F9E-8436-8FEB6D6BA1AF}.Release|Any CPU.Build.0 = Release|Any CPU
	EndGlobalSection
	GlobalSection(SolutionProperties) = preSolution
		HideSolutionNode = FALSE
	EndGlobalSection
	GlobalSection(ExtensibilityGlobals) = postSolution
		SolutionGuid = {08431245-8C6C-4990-AABF-AC5CDDBA1348}
	EndGlobalSection
EndGlobal
